
Microsoft Visual Studio Solution File, Format Version 12.00
# Visual Studio Version 17
VisualStudioVersion = 17.5.33516.290
MinimumVisualStudioVersion = 10.0.40219.1
Project("{FAE04EC0-301F-11D3-BF4B-00C04F79EFBC}") = "DOANMAYBAY2023", "DOANMAYBAY2023\DOANMAYBAY2023.csproj", "{2919FCF8-5C28-4D43-A931-44C0188D7016}"
EndProject
Global
	GlobalSection(SolutionConfigurationPlatforms) = preSolution
		Debug|Any CPU = Debug|Any CPU
		Release|Any CPU = Release|Any CPU
	EndGlobalSection
	GlobalSection(ProjectConfigurationPlatforms) = postSolution
		{2919FCF8-5C28-4D43-A931-44C0188D7016}.Debug|Any CPU.ActiveCfg = Debug|Any CPU
		{2919FCF8-5C28-4D43-A931-44C0188D7016}.Debug|Any CPU.Build.0 = Debug|Any CPU
		{2919FCF8-5C28-4D43-A931-44C0188D7016}.Release|Any CPU.ActiveCfg = Release|Any CPU
		{2919FCF8-5C28-4D43-A931-44C0188D7016}.Release|Any CPU.Build.0 = Release|Any CPU
	EndGlobalSection
	GlobalSection(SolutionProperties) = preSolution
		HideSolutionNode = FALSE
	EndGlobalSection
	GlobalSection(ExtensibilityGlobals) = postSolution
		SolutionGuid = {FE62FF96-1913-405B-B624-249C098747B4}
	EndGlobalSection
EndGlobal
